// !$*UTF8*$!
{
	archiveVersion = 1;
	classes = {
	};
	objectVersion = 46;
	objects = {

/* Begin PBXBuildFile section */
		88EE55E41D21C97C00E1BC51 /* AppDelegate.swift in Sources */ = {isa = PBXBuildFile; fileRef = 88EE55E31D21C97C00E1BC51 /* AppDelegate.swift */; };
		88EE55E61D21C97C00E1BC51 /* ViewController.swift in Sources */ = {isa = PBXBuildFile; fileRef = 88EE55E51D21C97C00E1BC51 /* ViewController.swift */; };
		88EE55E91D21C97C00E1BC51 /* Main.storyboard in Resources */ = {isa = PBXBuildFile; fileRef = 88EE55E71D21C97C00E1BC51 /* Main.storyboard */; };
		88EE55EB1D21C97C00E1BC51 /* Assets.xcassets in Resources */ = {isa = PBXBuildFile; fileRef = 88EE55EA1D21C97C00E1BC51 /* Assets.xcassets */; };
		88EE55EE1D21C97C00E1BC51 /* LaunchScreen.storyboard in Resources */ = {isa = PBXBuildFile; fileRef = 88EE55EC1D21C97C00E1BC51 /* LaunchScreen.storyboard */; };
/* End PBXBuildFile section */

/* Begin PBXFileReference section */
		88EE55E01D21C97C00E1BC51 /* tweeter.app */ = {isa = PBXFileReference; explicitFileType = wrapper.application; includeInIndex = 0; path = tweeter.app; sourceTree = BUILT_PRODUCTS_DIR; };
		88EE55E31D21C97C00E1BC51 /* AppDelegate.swift */ = {isa = PBXFileReference; lastKnownFileType = sourcecode.swift; path = AppDelegate.swift; sourceTree = "<group>"; };
		88EE55E51D21C97C00E1BC51 /* ViewController.swift */ = {isa = PBXFileReference; lastKnownFileType = sourcecode.swift; path = ViewController.swift; sourceTree = "<group>"; };
		88EE55E81D21C97C00E1BC51 /* Base */ = {isa = PBXFileReference; lastKnownFileType = file.storyboard; name = Base; path = Base.lproj/Main.storyboard; sourceTree = "<group>"; };
		88EE55EA1D21C97C00E1BC51 /* Assets.xcassets */ = {isa = PBXFileReference; lastKnownFileType = folder.assetcatalog; path = Assets.xcassets; sourceTree = "<group>"; };
		88EE55ED1D21C97C00E1BC51 /* Base */ = {isa = PBXFileReference; lastKnownFileType = file.storyboard; name = Base; path = Base.lproj/LaunchScreen.storyboard; sourceTree = "<group>"; };
		88EE55EF1D21C97C00E1BC51 /* Info.plist */ = {isa = PBXFileReference; lastKnownFileType = text.plist.xml; path = Info.plist; sourceTree = "<group>"; };
/* End PBXFileReference section */

/* Begin PBXFrameworksBuildPhase section */
		88EE55DD1D21C97C00E1BC51 /* Frameworks */ = {
			isa = PBXFrameworksBuildPhase;
			buildActionMask = 2147483647;
			files = (
			);
			runOnlyForDeploymentPostprocessing = 0;
		};
/* End PBXFrameworksBuildPhase section */

/* Begin PBXGroup section */
		88EE55D71D21C97C00E1BC51 = {
			isa = PBXGroup;
			children = (
				88EE55E21D21C97C00E1BC51 /* tweeter */,
				88EE55E11D21C97C00E1BC51 /* Products */,
			);
			sourceTree = "<group>";
		};
		88EE55E11D21C97C00E1BC51 /* Products */ = {
			isa = PBXGroup;
			children = (
				88EE55E01D21C97C00E1BC51 /* tweeter.app */,
			);
			name = Products;
			sourceTree = "<group>";
		};
		88EE55E21D21C97C00E1BC51 /* tweeter */ = {
			isa = PBXGroup;
			children = (
				88EE55E31D21C97C00E1BC51 /* AppDelegate.swift */,
				88EE55E51D21C97C00E1BC51 /* ViewController.swift */,
				88EE55E71D21C97C00E1BC51 /* Main.storyboard */,
				88EE55EA1D21C97C00E1BC51 /* Assets.xcassets */,
				88EE55EC1D21C97C00E1BC51 /* LaunchScreen.storyboard */,
				88EE55EF1D21C97C00E1BC51 /* Info.plist */,
			);
			path = tweeter;
			sourceTree = "<group>";
		};
/* End PBXGroup section */

/* Begin PBXNativeTarget section */
		88EE55DF1D21C97C00E1BC51 /* tweeter */ = {
			isa = PBXNativeTarget;
			buildConfigurationList = 88EE55F21D21C97C00E1BC51 /* Build configuration list for PBXNativeTarget "tweeter" */;
			buildPhases = (
				88EE55DC1D21C97C00E1BC51 /* Sources */,
				88EE55DD1D21C97C00E1BC51 /* Frameworks */,
				88EE55DE1D21C97C00E1BC51 /* Resources */,
			);
			buildRules = (
			);
			dependencies = (
			);
			name = tweeter;
			productName = tweeter;
			productReference = 88EE55E01D21C97C00E1BC51 /* tweeter.app */;
			productType = "com.apple.product-type.application";
		};
/* End PBXNativeTarget section */

/* Begin PBXProject section */
		88EE55D81D21C97C00E1BC51 /* Project object */ = {
			isa = PBXProject;
			attributes = {
				LastSwiftUpdateCheck = 0730;
				LastUpgradeCheck = 0730;
				ORGANIZATIONNAME = "Kelly Lampotang";
				TargetAttributes = {
					88EE55DF1D21C97C00E1BC51 = {
						CreatedOnToolsVersion = 7.3.1;
						DevelopmentTeam = F4P428X9U6;
					};
				};
			};
			buildConfigurationList = 88EE55DB1D21C97C00E1BC51 /* Build configuration list for PBXProject "tweeter" */;
			compatibilityVersion = "Xcode 3.2";
			developmentRegion = English;
			hasScannedForEncodings = 0;
			knownRegions = (
				en,
				Base,
			);
			mainGroup = 88EE55D71D21C97C00E1BC51;
			productRefGroup = 88EE55E11D21C97C00E1BC51 /* Products */;
			projectDirPath = "";
			projectRoot = "";
			targets = (
				88EE55DF1D21C97C00E1BC51 /* tweeter */,
			);
		};
/* End PBXProject section */

/* Begin PBXResourcesBuildPhase section */
		88EE55DE1D21C97C00E1BC51 /* Resources */ = {
			isa = PBXResourcesBuildPhase;
			buildActionMask = 2147483647;
			files = (
				88EE55EE1D21C97C00E1BC51 /* LaunchScreen.storyboard in Resources */,
				88EE55EB1D21C97C00E1BC51 /* Assets.xcassets in Resources */,
				88EE55E91D21C97C00E1BC51 /* Main.storyboard in Resources */,
			);
			runOnlyForDeploymentPostprocessing = 0;
		};
/* End PBXResourcesBuildPhase section */

/* Begin PBXSourcesBuildPhase section */
		88EE55DC1D21C97C00E1BC51 /* Sources */ = {
			isa = PBXSourcesBuildPhase;
			buildActionMask = 2147483647;
			files = (
				88EE55E61D21C97C00E1BC51 /* ViewController.swift in Sources */,
				88EE55E41D21C97C00E1BC51 /* AppDelegate.swift in Sources */,
			);
			runOnlyForDeploymentPostprocessing = 0;
		};
/* End PBXSourcesBuildPhase section */

/* Begin PBXVariantGroup section */
		88EE55E71D21C97C00E1BC51 /* Main.storyboard */ = {
			isa = PBXVariantGroup;
			children = (
				88EE55E81D21C97C00E1BC51 /* Base */,
			);
			name = Main.storyboard;
			sourceTree = "<group>";
		};
		88EE55EC1D21C97C00E1BC51 /* LaunchScreen.storyboard */ = {
			isa = PBXVariantGroup;
			children = (
				88EE55ED1D21C97C00E1BC51 /* Base */,
			);
			name = LaunchScreen.storyboard;
			sourceTree = "<group>";
		};
/* End PBXVariantGroup section */

/* Begin XCBuildConfiguration section */
		88EE55F01D21C97C00E1BC51 /* Debug */ = {
			isa = XCBuildConfiguration;
			buildSettings = {
				ALWAYS_SEARCH_USER_PATHS = NO;
				CLANG_ANALYZER_NONNULL = YES;
				CLANG_CXX_LANGUAGE_STANDARD = "gnu++0x";
				CLANG_CXX_LIBRARY = "libc++";
				CLANG_ENABLE_MODULES = YES;
				CLANG_ENABLE_OBJC_ARC = YES;
				CLANG_WARN_BOOL_CONVERSION = YES;
				CLANG_WARN_CONSTANT_CONVERSION = YES;
				CLANG_WARN_DIRECT_OBJC_ISA_USAGE = YES_ERROR;
				CLANG_WARN_EMPTY_BODY = YES;
				CLANG_WARN_ENUM_CONVERSION = YES;
				CLANG_WARN_INT_CONVERSION = YES;
				CLANG_WARN_OBJC_ROOT_CLASS = YES_ERROR;
				CLANG_WARN_UNREACHABLE_CODE = YES;
				CLANG_WARN__DUPLICATE_METHOD_MATCH = YES;
				"CODE_SIGN_IDENTITY[sdk=iphoneos*]" = "iPhone Developer";
				COPY_PHASE_STRIP = NO;
				DEBUG_INFORMATION_FORMAT = dwarf;
				ENABLE_STRICT_OBJC_MSGSEND = YES;
				ENABLE_TESTABILITY = YES;
				GCC_C_LANGUAGE_STANDARD = gnu99;
				GCC_DYNAMIC_NO_PIC = NO;
				GCC_NO_COMMON_BLOCKS = YES;
				GCC_OPTIMIZATION_LEVEL = 0;
				GCC_PREPROCESSOR_DEFINITIONS = (
					"DEBUG=1",
					"$(inherited)",
				);
				GCC_WARN_64_TO_32_BIT_CONVERSION = YES;
				GCC_WARN_ABOUT_RETURN_TYPE = YES_ERROR;
				GCC_WARN_UNDECLARED_SELECTOR = YES;
				GCC_WARN_UNINITIALIZED_AUTOS = YES_AGGRESSIVE;
				GCC_WARN_UNUSED_FUNCTION = YES;
				GCC_WARN_UNUSED_VARIABLE = YES;
				IPHONEOS_DEPLOYMENT_TARGET = 9.3;
				MTL_ENABLE_DEBUG_INFO = YES;
				ONLY_ACTIVE_ARCH = YES;
				SDKROOT = iphoneos;
				SWIFT_OPTIMIZATION_LEVEL = "-Onone";
			};
			name = Debug;
		};
		88EE55F11D21C97C00E1BC51 /* Release */ = {
			isa = XCBuildConfiguration;
			buildSettings = {
				ALWAYS_SEARCH_USER_PATHS = NO;
				CLANG_ANALYZER_NONNULL = YES;
				CLANG_CXX_LANGUAGE_STANDARD = "gnu++0x";
				CLANG_CXX_LIBRARY = "libc++";
				CLANG_ENABLE_MODULES = YES;
				CLANG_ENABLE_OBJC_ARC = YES;
				CLANG_WARN_BOOL_CONVERSION = YES;
				CLANG_WARN_CONSTANT_CONVERSION = YES;
				CLANG_WARN_DIRECT_OBJC_ISA_USAGE = YES_ERROR;
				CLANG_WARN_EMPTY_BODY = YES;
				CLANG_WARN_ENUM_CONVERSION = YES;
				CLANG_WARN_INT_CONVERSION = YES;
				CLANG_WARN_OBJC_ROOT_CLASS = YES_ERROR;
				CLANG_WARN_UNREACHABLE_CODE = YES;
				CLANG_WARN__DUPLICATE_METHOD_MATCH = YES;
				"CODE_SIGN_IDENTITY[sdk=iphoneos*]" = "iPhone Developer";
				COPY_PHASE_STRIP = NO;
				DEBUG_INFORMATION_FORMAT = "dwarf-with-dsym";
				ENABLE_NS_ASSERTIONS = NO;
				ENABLE_STRICT_OBJC_MSGSEND = YES;
				GCC_C_LANGUAGE_STANDARD = gnu99;
				GCC_NO_COMMON_BLOCKS = YES;
				GCC_WARN_64_TO_32_BIT_CONVERSION = YES;
				GCC_WARN_ABOUT_RETURN_TYPE = YES_ERROR;
				GCC_WARN_UNDECLARED_SELECTOR = YES;
				GCC_WARN_UNINITIALIZED_AUTOS = YES_AGGRESSIVE;
				GCC_WARN_UNUSED_FUNCTION = YES;
				GCC_WARN_UNUSED_VARIABLE = YES;
				IPHONEOS_DEPLOYMENT_TARGET = 9.3;
				MTL_ENABLE_DEBUG_INFO = NO;
				SDKROOT = iphoneos;
				VALIDATE_PRODUCT = YES;
			};
			name = Release;
		};
		88EE55F31D21C97C00E1BC51 /* Debug */ = {
			isa = XCBuildConfiguration;
			buildSettings = {
				ASSETCATALOG_COMPILER_APPICON_NAME = AppIcon;
				INFOPLIST_FILE = tweeter/Info.plist;
				LD_RUNPATH_SEARCH_PATHS = "$(inherited) @executable_path/Frameworks";
				PRODUCT_BUNDLE_IDENTIFIER = com.klampotang.tweeter;
				PRODUCT_NAME = "$(TARGET_NAME)";
			};
			name = Debug;
		};
		88EE55F41D21C97C00E1BC51 /* Release */ = {
			isa = XCBuildConfiguration;
			buildSettings = {
				ASSETCATALOG_COMPILER_APPICON_NAME = AppIcon;
				INFOPLIST_FILE = tweeter/Info.plist;
				LD_RUNPATH_SEARCH_PATHS = "$(inherited) @executable_path/Frameworks";
				PRODUCT_BUNDLE_IDENTIFIER = com.klampotang.tweeter;
				PRODUCT_NAME = "$(TARGET_NAME)";
			};
			name = Release;
		};
/* End XCBuildConfiguration section */

/* Begin XCConfigurationList section */
		88EE55DB1D21C97C00E1BC51 /* Build configuration list for PBXProject "tweeter" */ = {
			isa = XCConfigurationList;
			buildConfigurations = (
				88EE55F01D21C97C00E1BC51 /* Debug */,
				88EE55F11D21C97C00E1BC51 /* Release */,
			);
			defaultConfigurationIsVisible = 0;
			defaultConfigurationName = Release;
		};
		88EE55F21D21C97C00E1BC51 /* Build configuration list for PBXNativeTarget "tweeter" */ = {
			isa = XCConfigurationList;
			buildConfigurations = (
				88EE55F31D21C97C00E1BC51 /* Debug */,
				88EE55F41D21C97C00E1BC51 /* Release */,
			);
			defaultConfigurationIsVisible = 0;
		};
/* End XCConfigurationList section */
	};
	rootObject = 88EE55D81D21C97C00E1BC51 /* Project object */;
}
